{
  "lockfileVersion": 1,
  "configVersion": 1,
  "workspaces": {
    "": {
      "name": "hoodies-ui",
      "dependencies": {
        "@cwcss/crosswind": "^0.1.6",
        "ts-syntax-highlighter": "^0.2.1",
      },
      "devDependencies": {
        "@stacksjs/stx": "^0.2.6",
        "bun-git-hooks": "^0.3.1",
        "bun-plugin-stx": "^0.2.6",
        "typescript": "^5.0.0",
      },
    },
  },
  "packages": {
    "@cwcss/crosswind": ["@cwcss/crosswind@0.1.6", "", { "dependencies": { "@stacksjs/clapp": "^0.2.0", "bunfig": "^0.15.0" }, "bin": { "crosswind": "./dist/bin/cli.js" } }, "sha512-4NxFRgSSu8YQnLDj21kmUVxmwduCAvsrj3zOn5bKsaKvT/S+pBkHTl5+44d5cradQ872a+QCOOPVoEFmppsdYA=="],

    "@stacksjs/clapp": ["@stacksjs/clapp@0.2.0", "", { "dependencies": { "mri": "^1.2.0", "wrap-ansi": "^9.0.0" }, "bin": { "clapp": "dist/bin/cli.js", "@stacksjs/clapp": "dist/bin/cli.js" } }, "sha512-dSqnbeZjXnQLLvVxC5NU7D9Vpjxc6cC9Bo2ZwaqjgruK7pbVoFCI0goc9Mtf/lfSTbTx6Uvv/mbY7+cOW/j3Og=="],

    "@stacksjs/clarity": ["@stacksjs/clarity@0.3.24", "", { "bin": { "clarity": "dist/bin/cli.js" } }, "sha512-QN21fT/9dovcuFTkni9LFHDzBpiBZ4Q//0a3vFJsckPiblNIu1RhwwePkkTK4j6Xu2DtVYGR60/9Scdrp6wRfw=="],

    "@stacksjs/desktop": ["@stacksjs/desktop@0.2.6", "", { "peerDependencies": { "craft": "*" }, "optionalPeers": ["craft"] }, "sha512-ymljFr1M7qR4grWY/9I+kP03Hl+mAcYgN/tJWmOSPDFMHI7RW+Cfilx1On3JswCtEVecSJvjQC0dyqffWPCXUw=="],

    "@stacksjs/sanitizer": ["@stacksjs/sanitizer@0.2.6", "", {}, "sha512-d1/7nqhpqcFMHW7G7tAqJKLrqulrvytHMgacZnLP6ZXobzUZJIPB4QVTfw2XSgibJgm8Eto5k5dep8qOwK+vgQ=="],

    "@stacksjs/stx": ["@stacksjs/stx@0.2.6", "", { "dependencies": { "@stacksjs/clapp": "^0.2.0", "@stacksjs/desktop": "0.2.6", "@stacksjs/sanitizer": "0.2.6", "bun-plugin-stx": "0.2.6", "bunfig": "^0.15.6", "ts-syntax-highlighter": "^0.2.1" }, "bin": { "stx": "./dist/cli.js" } }, "sha512-+rZGZrymKxgBpqXlEUGc+STjIMI201c9LNnKisDvMP+GalrEwOfyEp8NCpm2mH+qvyMy1OmK1SNXlYVRHFJ2XA=="],

    "ansi-regex": ["ansi-regex@6.2.2", "", {}, "sha512-Bq3SmSpyFHaWjPk8If9yc6svM8c56dB5BAtW4Qbw5jHTwwXXcTLoRMkpDJp6VL0XzlWaCHTXrkFURMYmD0sLqg=="],

    "ansi-styles": ["ansi-styles@6.2.3", "", {}, "sha512-4Dj6M28JB+oAH8kFkTLUo+a2jwOFkuqb3yucU0CANcRRUbxS0cP0nZYCGjcc3BNXwRIsUVmDGgzawme7zvJHvg=="],

    "bun-git-hooks": ["bun-git-hooks@0.3.1", "", { "bin": { "git-hooks": "dist/bin/cli.js", "bun-git-hooks": "dist/bin/cli.js" } }, "sha512-Xs/QUqIYgBmLHSVr5VBLVbM5lZbUoAXKX2WZyoQDb2LlzcxC3BpBvMkMTQH75UuOJZwaRBq8yEe4IR6NckqdgQ=="],

    "bun-plugin-stx": ["bun-plugin-stx@0.2.6", "", { "dependencies": { "@stacksjs/stx": "0.2.6" }, "bin": { "serve": "./dist/serve.js", "stx-serve": "./dist/serve.js" } }, "sha512-bGQHI3s2I/VRJ6re0UqI6eA7FxtSfoBtSvuP/GUkAggkTMhxjm9R63dXPoxyG5E1e5d9rSH8M2Q4KJzZ4TKm1A=="],

    "bunfig": ["bunfig@0.15.6", "", { "dependencies": { "@stacksjs/clapp": "^0.2.0", "@stacksjs/clarity": "^0.3.24" }, "bin": { "bunfig": "bin/cli.js" } }, "sha512-7ynPmrn1dN5F+0DtUVY0Vo2MZOOnSdb6hpQePwABEYIJ+d/rSb3vaOVUs3MFxwxWuaVc1FEStVJG6+kCgbLuyg=="],

    "emoji-regex": ["emoji-regex@10.6.0", "", {}, "sha512-toUI84YS5YmxW219erniWD0CIVOo46xGKColeNQRgOzDorgBi1v4D71/OFzgD9GO2UGKIv1C3Sp8DAn0+j5w7A=="],

    "get-east-asian-width": ["get-east-asian-width@1.5.0", "", {}, "sha512-CQ+bEO+Tva/qlmw24dCejulK5pMzVnUOFOijVogd3KQs07HnRIgp8TGipvCCRT06xeYEbpbgwaCxglFyiuIcmA=="],

    "mri": ["mri@1.2.0", "", {}, "sha512-tzzskb3bG8LvYGFF/mDTpq3jpI6Q9wc3LEmBaghu+DdCssd1FakN7Bc0hVNmEyGq1bq3RgfkCb3cmQLpNPOroA=="],

    "string-width": ["string-width@7.2.0", "", { "dependencies": { "emoji-regex": "^10.3.0", "get-east-asian-width": "^1.0.0", "strip-ansi": "^7.1.0" } }, "sha512-tsaTIkKW9b4N+AEj+SVA+WhJzV7/zMhcSu78mLKWSk7cXMOSHsBKFWUs0fWwq8QyK3MgJBQRX6Gbi4kYbdvGkQ=="],

    "strip-ansi": ["strip-ansi@7.2.0", "", { "dependencies": { "ansi-regex": "^6.2.2" } }, "sha512-yDPMNjp4WyfYBkHnjIRLfca1i6KMyGCtsVgoKe/z1+6vukgaENdgGBZt+ZmKPc4gavvEZ5OgHfHdrazhgNyG7w=="],

    "ts-syntax-highlighter": ["ts-syntax-highlighter@0.2.1", "", { "bin": { "ts-syntax-highlighter": "dist/bin/cli.js" } }, "sha512-HEfxaVKifwvnX0NaOE8nfs4VFdZo6WdREj1KRehelfYsO1N+m9vOIj5exhlOqFpxOPWd4BlalU8y0WWS7yPWjw=="],

    "typescript": ["typescript@5.9.3", "", { "bin": { "tsc": "bin/tsc", "tsserver": "bin/tsserver" } }, "sha512-jl1vZzPDinLr9eUt3J/t7V6FgNEw9QjvBPdysz9KfQDD41fQrC2Y4vKQdiaUpFT4bXlb1RHhLpp8wtm6M5TgSw=="],

    "wrap-ansi": ["wrap-ansi@9.0.2", "", { "dependencies": { "ansi-styles": "^6.2.1", "string-width": "^7.0.0", "strip-ansi": "^7.1.0" } }, "sha512-42AtmgqjV+X1VpdOfyTGOYRi0/zsoLqtXQckTmqTeybT+BDIbM/Guxo7x3pE2vtpr1ok6xRqM9OpBe+Jyoqyww=="],
  }
}
